
Microsoft Visual Studio Solution File, Format Version 12.00
# Visual Studio Version 16
VisualStudioVersion = 16.0.29519.87
MinimumVisualStudioVersion = 10.0.40219.1
Project("{9A19103F-16F7-4668-BE54-9A1E7A4F7556}") = "DependencyInjection", "DependencyInjection.csproj", "{FDB94EF9-375F-4DE4-8BC6-1B5868A258B3}"
EndProject
Global
	GlobalSection(SolutionConfigurationPlatforms) = preSolution
		Debug|Any CPU = Debug|Any CPU
		Release|Any CPU = Release|Any CPU
	EndGlobalSection
	GlobalSection(ProjectConfigurationPlatforms) = postSolution
		{FDB94EF9-375F-4DE4-8BC6-1B5868A258B3}.Debug|Any CPU.ActiveCfg = Debug|Any CPU
		{FDB94EF9-375F-4DE4-8BC6-1B5868A258B3}.Debug|Any CPU.Build.0 = Debug|Any CPU
		{FDB94EF9-375F-4DE4-8BC6-1B5868A258B3}.Release|Any CPU.ActiveCfg = Release|Any CPU
		{FDB94EF9-375F-4DE4-8BC6-1B5868A258B3}.Release|Any CPU.Build.0 = Release|Any CPU
	EndGlobalSection
	GlobalSection(SolutionProperties) = preSolution
		HideSolutionNode = FALSE
	EndGlobalSection
	GlobalSection(ExtensibilityGlobals) = postSolution
		SolutionGuid = {6B50ECFA-FAC6-4D55-BF58-67EC0BE62A08}
	EndGlobalSection
EndGlobal
